# Recorded binary-package versions for the accepted Ubuntu native run.
# Architecture suffixes are retained where dpkg reported them.
build-essential==12.9ubuntu3
cmake==3.22.1-1ubuntu1.22.04.2
g++==4:11.2.0-1ubuntu1
gcc==4:11.2.0-1ubuntu1
libassimp-dev:amd64==5.2.2~ds0-1
libc6:amd64==2.35-0ubuntu3.15
libccd-dev:amd64==2.1-2
libccd2:amd64==2.1-2
libconsole-bridge1.0:amd64==1.0.1+dfsg2-3
libeigen3-dev==3.4.0-2ubuntu2
libfcl-dev:amd64==0.7.0-3
libfcl0.7:amd64==0.7.0-3
libgcc-s1:amd64==12.3.0-1ubuntu1~22.04.3
liboctomap-dev:amd64==1.9.7+dfsg-3
liboctomap1.9:amd64==1.9.7+dfsg-3
libpython3.10-stdlib:amd64==3.10.12-1~22.04.18
libstdc++6:amd64==12.3.0-1ubuntu1~22.04.3
libtinyxml2-9:amd64==9.0.0+dfsg-3
python3-numpy==1:1.21.5-1ubuntu22.04.1
python3-psutil==5.9.0-1build1
python3-yaml==5.4.1-1ubuntu1
python3.10==3.10.12-1~22.04.18
python3.10-minimal==3.10.12-1~22.04.18
ros-humble-geometric-shapes==2.3.4-1jammy.20260616.090231
ros-humble-moveit-core==2.5.9-1jammy.20260616.094702
ros-humble-rclpy==3.3.21-1jammy.20260605.135319
ros-humble-srdfdom==2.0.7-1jammy.20260607.075237
